
Microsoft Visual Studio Solution File, Format Version 12.00
# Visual Studio 15
VisualStudioVersion = 15.0.27703.2035
MinimumVisualStudioVersion = 10.0.40219.1
Project("{FAE04EC0-301F-11D3-BF4B-00C04F79EFBC}") = "ProjetoTesteRelatorios", "ProjetoTesteRelatorios\ProjetoTesteRelatorios.csproj", "{4B471412-9F1C-44B0-A7F1-A6918CC1ADF0}"
EndProject
Project("{FAE04EC0-301F-11D3-BF4B-00C04F79EFBC}") = "Relatorios", "Relatorios\Relatorios.csproj", "{495C329A-9216-4996-9DB7-921CBC104CB6}"
EndProject
Global
	GlobalSection(SolutionConfigurationPlatforms) = preSolution
		Debug|Any CPU = Debug|Any CPU
		Release|Any CPU = Release|Any CPU
	EndGlobalSection
	GlobalSection(ProjectConfigurationPlatforms) = postSolution
		{4B471412-9F1C-44B0-A7F1-A6918CC1ADF0}.Debug|Any CPU.ActiveCfg = Debug|Any CPU
		{4B471412-9F1C-44B0-A7F1-A6918CC1ADF0}.Debug|Any CPU.Build.0 = Debug|Any CPU
		{4B471412-9F1C-44B0-A7F1-A6918CC1ADF0}.Release|Any CPU.ActiveCfg = Release|Any CPU
		{4B471412-9F1C-44B0-A7F1-A6918CC1ADF0}.Release|Any CPU.Build.0 = Release|Any CPU
		{495C329A-9216-4996-9DB7-921CBC104CB6}.Debug|Any CPU.ActiveCfg = Debug|Any CPU
		{495C329A-9216-4996-9DB7-921CBC104CB6}.Debug|Any CPU.Build.0 = Debug|Any CPU
		{495C329A-9216-4996-9DB7-921CBC104CB6}.Release|Any CPU.ActiveCfg = Release|Any CPU
		{495C329A-9216-4996-9DB7-921CBC104CB6}.Release|Any CPU.Build.0 = Release|Any CPU
	EndGlobalSection
	GlobalSection(SolutionProperties) = preSolution
		HideSolutionNode = FALSE
	EndGlobalSection
	GlobalSection(ExtensibilityGlobals) = postSolution
		SolutionGuid = {C9B77860-32EA-4272-975A-4850EB45DE0E}
	EndGlobalSection
EndGlobal
