
Microsoft Visual Studio Solution File, Format Version 12.00
# Visual Studio 15
VisualStudioVersion = 15.0.28307.168
MinimumVisualStudioVersion = 10.0.40219.1
Project("{9A19103F-16F7-4668-BE54-9A1E7A4F7556}") = "EmissorPedidos", "EmissorPedidos\EmissorPedidos.csproj", "{16D66BB9-6F56-4F29-AD23-D947EC82ECF8}"
EndProject
Global
	GlobalSection(SolutionConfigurationPlatforms) = preSolution
		Debug|Any CPU = Debug|Any CPU
		Release|Any CPU = Release|Any CPU
	EndGlobalSection
	GlobalSection(ProjectConfigurationPlatforms) = postSolution
		{16D66BB9-6F56-4F29-AD23-D947EC82ECF8}.Debug|Any CPU.ActiveCfg = Debug|Any CPU
		{16D66BB9-6F56-4F29-AD23-D947EC82ECF8}.Debug|Any CPU.Build.0 = Debug|Any CPU
		{16D66BB9-6F56-4F29-AD23-D947EC82ECF8}.Release|Any CPU.ActiveCfg = Release|Any CPU
		{16D66BB9-6F56-4F29-AD23-D947EC82ECF8}.Release|Any CPU.Build.0 = Release|Any CPU
	EndGlobalSection
	GlobalSection(SolutionProperties) = preSolution
		HideSolutionNode = FALSE
	EndGlobalSection
	GlobalSection(ExtensibilityGlobals) = postSolution
		SolutionGuid = {E9353F50-7E10-4601-92B6-E75AD06BFC26}
	EndGlobalSection
EndGlobal
