
Microsoft Visual Studio Solution File, Format Version 12.00
# Visual Studio 15
VisualStudioVersion = 15.0.28307.168
MinimumVisualStudioVersion = 10.0.40219.1
Project("{9A19103F-16F7-4668-BE54-9A1E7A4F7556}") = "EmissorPedidosAPI", "EmissorPedidosAPI.csproj", "{A7BCEDD9-8F45-466A-8915-52BBE24ACDCA}"
EndProject
Global
	GlobalSection(SolutionConfigurationPlatforms) = preSolution
		Debug|Any CPU = Debug|Any CPU
		Release|Any CPU = Release|Any CPU
	EndGlobalSection
	GlobalSection(ProjectConfigurationPlatforms) = postSolution
		{A7BCEDD9-8F45-466A-8915-52BBE24ACDCA}.Debug|Any CPU.ActiveCfg = Debug|Any CPU
		{A7BCEDD9-8F45-466A-8915-52BBE24ACDCA}.Debug|Any CPU.Build.0 = Debug|Any CPU
		{A7BCEDD9-8F45-466A-8915-52BBE24ACDCA}.Release|Any CPU.ActiveCfg = Release|Any CPU
		{A7BCEDD9-8F45-466A-8915-52BBE24ACDCA}.Release|Any CPU.Build.0 = Release|Any CPU
	EndGlobalSection
	GlobalSection(SolutionProperties) = preSolution
		HideSolutionNode = FALSE
	EndGlobalSection
	GlobalSection(ExtensibilityGlobals) = postSolution
		SolutionGuid = {473CE847-9B54-4AEF-82A8-C6A45711EB9B}
	EndGlobalSection
EndGlobal
